// !$*UTF8*$!
{
	archiveVersion = 1;
	classes = {
	};
	objectVersion = 46;
	objects = {

/* Begin PBXBuildFile section */
		170EB86D1F8FC1D200BB0E75 /* main.m in Sources */ = {isa = PBXBuildFile; fileRef = 170EB86C1F8FC1D200BB0E75 /* main.m */; };
		170EB8701F8FC1D200BB0E75 /* AppDelegate.m in Sources */ = {isa = PBXBuildFile; fileRef = 170EB86F1F8FC1D200BB0E75 /* AppDelegate.m */; };
		170EB8731F8FC1D200BB0E75 /* ViewController.m in Sources */ = {isa = PBXBuildFile; fileRef = 170EB8721F8FC1D200BB0E75 /* ViewController.m */; };
		170EB8761F8FC1D200BB0E75 /* Main.storyboard in Resources */ = {isa = PBXBuildFile; fileRef = 170EB8741F8FC1D200BB0E75 /* Main.storyboard */; };
		170EB8781F8FC1D200BB0E75 /* Assets.xcassets in Resources */ = {isa = PBXBuildFile; fileRef = 170EB8771F8FC1D200BB0E75 /* Assets.xcassets */; };
		170EB87B1F8FC1D200BB0E75 /* LaunchScreen.storyboard in Resources */ = {isa = PBXBuildFile; fileRef = 170EB8791F8FC1D200BB0E75 /* LaunchScreen.storyboard */; };
		170EB8841F8FC24500BB0E75 /* KCView.m in Sources */ = {isa = PBXBuildFile; fileRef = 170EB8831F8FC24500BB0E75 /* KCView.m */; };
		170EB8881F8FCED100BB0E75 /* KDView.m in Sources */ = {isa = PBXBuildFile; fileRef = 170EB8871F8FCED100BB0E75 /* KDView.m */; };
		170EB88B1F8FCFDF00BB0E75 /* KEView.m in Sources */ = {isa = PBXBuildFile; fileRef = 170EB88A1F8FCFDF00BB0E75 /* KEView.m */; };
		170EB88E1F8FDC0F00BB0E75 /* KFView.m in Sources */ = {isa = PBXBuildFile; fileRef = 170EB88D1F8FDC0F00BB0E75 /* KFView.m */; };
		174B436D1F905B140093F0BA /* beaty.jpg in Resources */ = {isa = PBXBuildFile; fileRef = 174B436C1F905B140093F0BA /* beaty.jpg */; };
		174B43701F906C5E0093F0BA /* KGView.m in Sources */ = {isa = PBXBuildFile; fileRef = 174B436F1F906C5E0093F0BA /* KGView.m */; };
		17B37F501F91068A00ACE49B /* KHView.m in Sources */ = {isa = PBXBuildFile; fileRef = 17B37F4F1F91068A00ACE49B /* KHView.m */; };
		17B37F541F910D3200ACE49B /* MainViewController.m in Sources */ = {isa = PBXBuildFile; fileRef = 17B37F531F910D3200ACE49B /* MainViewController.m */; };
		17B37F571F9124CE00ACE49B /* MeiTuViewController.m in Sources */ = {isa = PBXBuildFile; fileRef = 17B37F561F9124CE00ACE49B /* MeiTuViewController.m */; };
/* End PBXBuildFile section */

/* Begin PBXFileReference section */
		170EB8681F8FC1D200BB0E75 /* BasicImage.app */ = {isa = PBXFileReference; explicitFileType = wrapper.application; includeInIndex = 0; path = BasicImage.app; sourceTree = BUILT_PRODUCTS_DIR; };
		170EB86C1F8FC1D200BB0E75 /* main.m */ = {isa = PBXFileReference; lastKnownFileType = sourcecode.c.objc; path = main.m; sourceTree = "<group>"; };
		170EB86E1F8FC1D200BB0E75 /* AppDelegate.h */ = {isa = PBXFileReference; lastKnownFileType = sourcecode.c.h; path = AppDelegate.h; sourceTree = "<group>"; };
		170EB86F1F8FC1D200BB0E75 /* AppDelegate.m */ = {isa = PBXFileReference; lastKnownFileType = sourcecode.c.objc; path = AppDelegate.m; sourceTree = "<group>"; };
		170EB8711F8FC1D200BB0E75 /* ViewController.h */ = {isa = PBXFileReference; lastKnownFileType = sourcecode.c.h; path = ViewController.h; sourceTree = "<group>"; };
		170EB8721F8FC1D200BB0E75 /* ViewController.m */ = {isa = PBXFileReference; lastKnownFileType = sourcecode.c.objc; path = ViewController.m; sourceTree = "<group>"; };
		170EB8751F8FC1D200BB0E75 /* Base */ = {isa = PBXFileReference; lastKnownFileType = file.storyboard; name = Base; path = Base.lproj/Main.storyboard; sourceTree = "<group>"; };
		170EB8771F8FC1D200BB0E75 /* Assets.xcassets */ = {isa = PBXFileReference; lastKnownFileType = folder.assetcatalog; path = Assets.xcassets; sourceTree = "<group>"; };
		170EB87A1F8FC1D200BB0E75 /* Base */ = {isa = PBXFileReference; lastKnownFileType = file.storyboard; name = Base; path = Base.lproj/LaunchScreen.storyboard; sourceTree = "<group>"; };
		170EB87C1F8FC1D200BB0E75 /* Info.plist */ = {isa = PBXFileReference; lastKnownFileType = text.plist.xml; path = Info.plist; sourceTree = "<group>"; };
		170EB8821F8FC24500BB0E75 /* KCView.h */ = {isa = PBXFileReference; fileEncoding = 4; lastKnownFileType = sourcecode.c.h; path = KCView.h; sourceTree = "<group>"; };
		170EB8831F8FC24500BB0E75 /* KCView.m */ = {isa = PBXFileReference; fileEncoding = 4; lastKnownFileType = sourcecode.c.objc; path = KCView.m; sourceTree = "<group>"; };
		170EB8861F8FCED100BB0E75 /* KDView.h */ = {isa = PBXFileReference; fileEncoding = 4; lastKnownFileType = sourcecode.c.h; path = KDView.h; sourceTree = "<group>"; };
		170EB8871F8FCED100BB0E75 /* KDView.m */ = {isa = PBXFileReference; fileEncoding = 4; lastKnownFileType = sourcecode.c.objc; path = KDView.m; sourceTree = "<group>"; };
		170EB8891F8FCFDF00BB0E75 /* KEView.h */ = {isa = PBXFileReference; fileEncoding = 4; lastKnownFileType = sourcecode.c.h; path = KEView.h; sourceTree = "<group>"; };
		170EB88A1F8FCFDF00BB0E75 /* KEView.m */ = {isa = PBXFileReference; fileEncoding = 4; lastKnownFileType = sourcecode.c.objc; path = KEView.m; sourceTree = "<group>"; };
		170EB88C1F8FDC0F00BB0E75 /* KFView.h */ = {isa = PBXFileReference; fileEncoding = 4; lastKnownFileType = sourcecode.c.h; path = KFView.h; sourceTree = "<group>"; };
		170EB88D1F8FDC0F00BB0E75 /* KFView.m */ = {isa = PBXFileReference; fileEncoding = 4; lastKnownFileType = sourcecode.c.objc; path = KFView.m; sourceTree = "<group>"; };
		174B436C1F905B140093F0BA /* beaty.jpg */ = {isa = PBXFileReference; lastKnownFileType = image.jpeg; path = beaty.jpg; sourceTree = "<group>"; };
		174B436E1F906C5E0093F0BA /* KGView.h */ = {isa = PBXFileReference; fileEncoding = 4; lastKnownFileType = sourcecode.c.h; path = KGView.h; sourceTree = "<group>"; };
		174B436F1F906C5E0093F0BA /* KGView.m */ = {isa = PBXFileReference; fileEncoding = 4; lastKnownFileType = sourcecode.c.objc; path = KGView.m; sourceTree = "<group>"; };
		17B37F4E1F91068A00ACE49B /* KHView.h */ = {isa = PBXFileReference; fileEncoding = 4; lastKnownFileType = sourcecode.c.h; path = KHView.h; sourceTree = "<group>"; };
		17B37F4F1F91068A00ACE49B /* KHView.m */ = {isa = PBXFileReference; fileEncoding = 4; lastKnownFileType = sourcecode.c.objc; path = KHView.m; sourceTree = "<group>"; };
		17B37F521F910D3200ACE49B /* MainViewController.h */ = {isa = PBXFileReference; fileEncoding = 4; lastKnownFileType = sourcecode.c.h; path = MainViewController.h; sourceTree = "<group>"; };
		17B37F531F910D3200ACE49B /* MainViewController.m */ = {isa = PBXFileReference; fileEncoding = 4; lastKnownFileType = sourcecode.c.objc; path = MainViewController.m; sourceTree = "<group>"; };
		17B37F551F9124CE00ACE49B /* MeiTuViewController.h */ = {isa = PBXFileReference; fileEncoding = 4; lastKnownFileType = sourcecode.c.h; path = MeiTuViewController.h; sourceTree = "<group>"; };
		17B37F561F9124CE00ACE49B /* MeiTuViewController.m */ = {isa = PBXFileReference; fileEncoding = 4; lastKnownFileType = sourcecode.c.objc; path = MeiTuViewController.m; sourceTree = "<group>"; };
/* End PBXFileReference section */

/* Begin PBXFrameworksBuildPhase section */
		170EB8651F8FC1D200BB0E75 /* Frameworks */ = {
			isa = PBXFrameworksBuildPhase;
			buildActionMask = 2147483647;
			files = (
			);
			runOnlyForDeploymentPostprocessing = 0;
		};
/* End PBXFrameworksBuildPhase section */

/* Begin PBXGroup section */
		170EB85F1F8FC1D200BB0E75 = {
			isa = PBXGroup;
			children = (
				170EB86A1F8FC1D200BB0E75 /* BasicImage */,
				170EB8691F8FC1D200BB0E75 /* Products */,
			);
			sourceTree = "<group>";
		};
		170EB8691F8FC1D200BB0E75 /* Products */ = {
			isa = PBXGroup;
			children = (
				170EB8681F8FC1D200BB0E75 /* BasicImage.app */,
			);
			name = Products;
			sourceTree = "<group>";
		};
		170EB86A1F8FC1D200BB0E75 /* BasicImage */ = {
			isa = PBXGroup;
			children = (
				174B436C1F905B140093F0BA /* beaty.jpg */,
				170EB86E1F8FC1D200BB0E75 /* AppDelegate.h */,
				170EB86F1F8FC1D200BB0E75 /* AppDelegate.m */,
				17B37F511F910C1B00ACE49B /* ViewControllers */,
				170EB8851F8FCEB700BB0E75 /* Views */,
				170EB8741F8FC1D200BB0E75 /* Main.storyboard */,
				170EB8771F8FC1D200BB0E75 /* Assets.xcassets */,
				170EB8791F8FC1D200BB0E75 /* LaunchScreen.storyboard */,
				170EB86B1F8FC1D200BB0E75 /* Supporting Files */,
			);
			path = BasicImage;
			sourceTree = "<group>";
		};
		170EB86B1F8FC1D200BB0E75 /* Supporting Files */ = {
			isa = PBXGroup;
			children = (
				170EB87C1F8FC1D200BB0E75 /* Info.plist */,
				170EB86C1F8FC1D200BB0E75 /* main.m */,
			);
			name = "Supporting Files";
			sourceTree = "<group>";
		};
		170EB8851F8FCEB700BB0E75 /* Views */ = {
			isa = PBXGroup;
			children = (
				170EB8821F8FC24500BB0E75 /* KCView.h */,
				170EB8831F8FC24500BB0E75 /* KCView.m */,
				170EB8861F8FCED100BB0E75 /* KDView.h */,
				170EB8871F8FCED100BB0E75 /* KDView.m */,
				170EB8891F8FCFDF00BB0E75 /* KEView.h */,
				170EB88A1F8FCFDF00BB0E75 /* KEView.m */,
				170EB88C1F8FDC0F00BB0E75 /* KFView.h */,
				170EB88D1F8FDC0F00BB0E75 /* KFView.m */,
				174B436E1F906C5E0093F0BA /* KGView.h */,
				174B436F1F906C5E0093F0BA /* KGView.m */,
				17B37F4E1F91068A00ACE49B /* KHView.h */,
				17B37F4F1F91068A00ACE49B /* KHView.m */,
			);
			name = Views;
			sourceTree = "<group>";
		};
		17B37F511F910C1B00ACE49B /* ViewControllers */ = {
			isa = PBXGroup;
			children = (
				170EB8711F8FC1D200BB0E75 /* ViewController.h */,
				170EB8721F8FC1D200BB0E75 /* ViewController.m */,
				17B37F521F910D3200ACE49B /* MainViewController.h */,
				17B37F531F910D3200ACE49B /* MainViewController.m */,
				17B37F551F9124CE00ACE49B /* MeiTuViewController.h */,
				17B37F561F9124CE00ACE49B /* MeiTuViewController.m */,
			);
			name = ViewControllers;
			sourceTree = "<group>";
		};
/* End PBXGroup section */

/* Begin PBXNativeTarget section */
		170EB8671F8FC1D200BB0E75 /* BasicImage */ = {
			isa = PBXNativeTarget;
			buildConfigurationList = 170EB87F1F8FC1D200BB0E75 /* Build configuration list for PBXNativeTarget "BasicImage" */;
			buildPhases = (
				170EB8641F8FC1D200BB0E75 /* Sources */,
				170EB8651F8FC1D200BB0E75 /* Frameworks */,
				170EB8661F8FC1D200BB0E75 /* Resources */,
			);
			buildRules = (
			);
			dependencies = (
			);
			name = BasicImage;
			productName = BasicImage;
			productReference = 170EB8681F8FC1D200BB0E75 /* BasicImage.app */;
			productType = "com.apple.product-type.application";
		};
/* End PBXNativeTarget section */

/* Begin PBXProject section */
		170EB8601F8FC1D200BB0E75 /* Project object */ = {
			isa = PBXProject;
			attributes = {
				LastUpgradeCheck = 0830;
				ORGANIZATIONNAME = NowOrNever;
				TargetAttributes = {
					170EB8671F8FC1D200BB0E75 = {
						CreatedOnToolsVersion = 8.3.2;
						DevelopmentTeam = 32C6F7YM75;
						ProvisioningStyle = Automatic;
					};
				};
			};
			buildConfigurationList = 170EB8631F8FC1D200BB0E75 /* Build configuration list for PBXProject "BasicImage" */;
			compatibilityVersion = "Xcode 3.2";
			developmentRegion = English;
			hasScannedForEncodings = 0;
			knownRegions = (
				en,
				Base,
			);
			mainGroup = 170EB85F1F8FC1D200BB0E75;
			productRefGroup = 170EB8691F8FC1D200BB0E75 /* Products */;
			projectDirPath = "";
			projectRoot = "";
			targets = (
				170EB8671F8FC1D200BB0E75 /* BasicImage */,
			);
		};
/* End PBXProject section */

/* Begin PBXResourcesBuildPhase section */
		170EB8661F8FC1D200BB0E75 /* Resources */ = {
			isa = PBXResourcesBuildPhase;
			buildActionMask = 2147483647;
			files = (
				170EB87B1F8FC1D200BB0E75 /* LaunchScreen.storyboard in Resources */,
				170EB8781F8FC1D200BB0E75 /* Assets.xcassets in Resources */,
				174B436D1F905B140093F0BA /* beaty.jpg in Resources */,
				170EB8761F8FC1D200BB0E75 /* Main.storyboard in Resources */,
			);
			runOnlyForDeploymentPostprocessing = 0;
		};
/* End PBXResourcesBuildPhase section */

/* Begin PBXSourcesBuildPhase section */
		170EB8641F8FC1D200BB0E75 /* Sources */ = {
			isa = PBXSourcesBuildPhase;
			buildActionMask = 2147483647;
			files = (
				174B43701F906C5E0093F0BA /* KGView.m in Sources */,
				170EB8841F8FC24500BB0E75 /* KCView.m in Sources */,
				17B37F501F91068A00ACE49B /* KHView.m in Sources */,
				17B37F541F910D3200ACE49B /* MainViewController.m in Sources */,
				170EB8731F8FC1D200BB0E75 /* ViewController.m in Sources */,
				170EB88B1F8FCFDF00BB0E75 /* KEView.m in Sources */,
				170EB88E1F8FDC0F00BB0E75 /* KFView.m in Sources */,
				170EB8701F8FC1D200BB0E75 /* AppDelegate.m in Sources */,
				170EB86D1F8FC1D200BB0E75 /* main.m in Sources */,
				17B37F571F9124CE00ACE49B /* MeiTuViewController.m in Sources */,
				170EB8881F8FCED100BB0E75 /* KDView.m in Sources */,
			);
			runOnlyForDeploymentPostprocessing = 0;
		};
/* End PBXSourcesBuildPhase section */

/* Begin PBXVariantGroup section */
		170EB8741F8FC1D200BB0E75 /* Main.storyboard */ = {
			isa = PBXVariantGroup;
			children = (
				170EB8751F8FC1D200BB0E75 /* Base */,
			);
			name = Main.storyboard;
			sourceTree = "<group>";
		};
		170EB8791F8FC1D200BB0E75 /* LaunchScreen.storyboard */ = {
			isa = PBXVariantGroup;
			children = (
				170EB87A1F8FC1D200BB0E75 /* Base */,
			);
			name = LaunchScreen.storyboard;
			sourceTree = "<group>";
		};
/* End PBXVariantGroup section */

/* Begin XCBuildConfiguration section */
		170EB87D1F8FC1D200BB0E75 /* Debug */ = {
			isa = XCBuildConfiguration;
			buildSettings = {
				ALWAYS_SEARCH_USER_PATHS = NO;
				CLANG_ANALYZER_NONNULL = YES;
				CLANG_ANALYZER_NUMBER_OBJECT_CONVERSION = YES_AGGRESSIVE;
				CLANG_CXX_LANGUAGE_STANDARD = "gnu++0x";
				CLANG_CXX_LIBRARY = "libc++";
				CLANG_ENABLE_MODULES = YES;
				CLANG_ENABLE_OBJC_ARC = YES;
				CLANG_WARN_BOOL_CONVERSION = YES;
				CLANG_WARN_CONSTANT_CONVERSION = YES;
				CLANG_WARN_DIRECT_OBJC_ISA_USAGE = YES_ERROR;
				CLANG_WARN_DOCUMENTATION_COMMENTS = YES;
				CLANG_WARN_EMPTY_BODY = YES;
				CLANG_WARN_ENUM_CONVERSION = YES;
				CLANG_WARN_INFINITE_RECURSION = YES;
				CLANG_WARN_INT_CONVERSION = YES;
				CLANG_WARN_OBJC_ROOT_CLASS = YES_ERROR;
				CLANG_WARN_SUSPICIOUS_MOVE = YES;
				CLANG_WARN_UNREACHABLE_CODE = YES;
				CLANG_WARN__DUPLICATE_METHOD_MATCH = YES;
				"CODE_SIGN_IDENTITY[sdk=iphoneos*]" = "iPhone Developer";
				COPY_PHASE_STRIP = NO;
				DEBUG_INFORMATION_FORMAT = dwarf;
				ENABLE_STRICT_OBJC_MSGSEND = YES;
				ENABLE_TESTABILITY = YES;
				GCC_C_LANGUAGE_STANDARD = gnu99;
				GCC_DYNAMIC_NO_PIC = NO;
				GCC_NO_COMMON_BLOCKS = YES;
				GCC_OPTIMIZATION_LEVEL = 0;
				GCC_PREPROCESSOR_DEFINITIONS = (
					"DEBUG=1",
					"$(inherited)",
				);
				GCC_WARN_64_TO_32_BIT_CONVERSION = YES;
				GCC_WARN_ABOUT_RETURN_TYPE = YES_ERROR;
				GCC_WARN_UNDECLARED_SELECTOR = YES;
				GCC_WARN_UNINITIALIZED_AUTOS = YES_AGGRESSIVE;
				GCC_WARN_UNUSED_FUNCTION = YES;
				GCC_WARN_UNUSED_VARIABLE = YES;
				IPHONEOS_DEPLOYMENT_TARGET = 10.3;
				MTL_ENABLE_DEBUG_INFO = YES;
				ONLY_ACTIVE_ARCH = YES;
				SDKROOT = iphoneos;
			};
			name = Debug;
		};
		170EB87E1F8FC1D200BB0E75 /* Release */ = {
			isa = XCBuildConfiguration;
			buildSettings = {
				ALWAYS_SEARCH_USER_PATHS = NO;
				CLANG_ANALYZER_NONNULL = YES;
				CLANG_ANALYZER_NUMBER_OBJECT_CONVERSION = YES_AGGRESSIVE;
				CLANG_CXX_LANGUAGE_STANDARD = "gnu++0x";
				CLANG_CXX_LIBRARY = "libc++";
				CLANG_ENABLE_MODULES = YES;
				CLANG_ENABLE_OBJC_ARC = YES;
				CLANG_WARN_BOOL_CONVERSION = YES;
				CLANG_WARN_CONSTANT_CONVERSION = YES;
				CLANG_WARN_DIRECT_OBJC_ISA_USAGE = YES_ERROR;
				CLANG_WARN_DOCUMENTATION_COMMENTS = YES;
				CLANG_WARN_EMPTY_BODY = YES;
				CLANG_WARN_ENUM_CONVERSION = YES;
				CLANG_WARN_INFINITE_RECURSION = YES;
				CLANG_WARN_INT_CONVERSION = YES;
				CLANG_WARN_OBJC_ROOT_CLASS = YES_ERROR;
				CLANG_WARN_SUSPICIOUS_MOVE = YES;
				CLANG_WARN_UNREACHABLE_CODE = YES;
				CLANG_WARN__DUPLICATE_METHOD_MATCH = YES;
				"CODE_SIGN_IDENTITY[sdk=iphoneos*]" = "iPhone Developer";
				COPY_PHASE_STRIP = NO;
				DEBUG_INFORMATION_FORMAT = "dwarf-with-dsym";
				ENABLE_NS_ASSERTIONS = NO;
				ENABLE_STRICT_OBJC_MSGSEND = YES;
				GCC_C_LANGUAGE_STANDARD = gnu99;
				GCC_NO_COMMON_BLOCKS = YES;
				GCC_WARN_64_TO_32_BIT_CONVERSION = YES;
				GCC_WARN_ABOUT_RETURN_TYPE = YES_ERROR;
				GCC_WARN_UNDECLARED_SELECTOR = YES;
				GCC_WARN_UNINITIALIZED_AUTOS = YES_AGGRESSIVE;
				GCC_WARN_UNUSED_FUNCTION = YES;
				GCC_WARN_UNUSED_VARIABLE = YES;
				IPHONEOS_DEPLOYMENT_TARGET = 10.3;
				MTL_ENABLE_DEBUG_INFO = NO;
				SDKROOT = iphoneos;
				VALIDATE_PRODUCT = YES;
			};
			name = Release;
		};
		170EB8801F8FC1D200BB0E75 /* Debug */ = {
			isa = XCBuildConfiguration;
			buildSettings = {
				ASSETCATALOG_COMPILER_APPICON_NAME = AppIcon;
				DEVELOPMENT_TEAM = 32C6F7YM75;
				INFOPLIST_FILE = BasicImage/Info.plist;
				LD_RUNPATH_SEARCH_PATHS = "$(inherited) @executable_path/Frameworks";
				PRODUCT_BUNDLE_IDENTIFIER = JinlongZhang.BasicImage;
				PRODUCT_NAME = "$(TARGET_NAME)";
			};
			name = Debug;
		};
		170EB8811F8FC1D200BB0E75 /* Release */ = {
			isa = XCBuildConfiguration;
			buildSettings = {
				ASSETCATALOG_COMPILER_APPICON_NAME = AppIcon;
				DEVELOPMENT_TEAM = 32C6F7YM75;
				INFOPLIST_FILE = BasicImage/Info.plist;
				LD_RUNPATH_SEARCH_PATHS = "$(inherited) @executable_path/Frameworks";
				PRODUCT_BUNDLE_IDENTIFIER = JinlongZhang.BasicImage;
				PRODUCT_NAME = "$(TARGET_NAME)";
			};
			name = Release;
		};
/* End XCBuildConfiguration section */

/* Begin XCConfigurationList section */
		170EB8631F8FC1D200BB0E75 /* Build configuration list for PBXProject "BasicImage" */ = {
			isa = XCConfigurationList;
			buildConfigurations = (
				170EB87D1F8FC1D200BB0E75 /* Debug */,
				170EB87E1F8FC1D200BB0E75 /* Release */,
			);
			defaultConfigurationIsVisible = 0;
			defaultConfigurationName = Release;
		};
		170EB87F1F8FC1D200BB0E75 /* Build configuration list for PBXNativeTarget "BasicImage" */ = {
			isa = XCConfigurationList;
			buildConfigurations = (
				170EB8801F8FC1D200BB0E75 /* Debug */,
				170EB8811F8FC1D200BB0E75 /* Release */,
			);
			defaultConfigurationIsVisible = 0;
			defaultConfigurationName = Release;
		};
/* End XCConfigurationList section */
	};
	rootObject = 170EB8601F8FC1D200BB0E75 /* Project object */;
}
